// !$*UTF8*$!
{
	archiveVersion = 1;
	classes = {
	};
	objectVersion = 45;
	objects = {

/* Begin PBXBuildFile section */
		00880A4111630CB400F731D1 /* AppScreenSaver.h in Headers */ = {isa = PBXBuildFile; fileRef = 00880A3F11630CB400F731D1 /* AppScreenSaver.h */; };
		00880A4211630CB400F731D1 /* AppImplCocoaScreenSaver.h in Headers */ = {isa = PBXBuildFile; fileRef = 00880A4011630CB400F731D1 /* AppImplCocoaScreenSaver.h */; };
		00880A4811630CDA00F731D1 /* AppImplCocoaScreenSaver.mm in Sources */ = {isa = PBXBuildFile; fileRef = 00880A4611630CDA00F731D1 /* AppImplCocoaScreenSaver.mm */; };
		00880A4911630CDA00F731D1 /* AppScreenSaver.cpp in Sources */ = {isa = PBXBuildFile; fileRef = 00880A4711630CDA00F731D1 /* AppScreenSaver.cpp */; };
		00880A6011630D7900F731D1 /* Accelerate.framework in Frameworks */ = {isa = PBXBuildFile; fileRef = 00880A5411630D7900F731D1 /* Accelerate.framework */; };
		00880A6111630D7900F731D1 /* AudioToolbox.framework in Frameworks */ = {isa = PBXBuildFile; fileRef = 00880A5511630D7900F731D1 /* AudioToolbox.framework */; };
		00880A6211630D7900F731D1 /* AudioUnit.framework in Frameworks */ = {isa = PBXBuildFile; fileRef = 00880A5611630D7900F731D1 /* AudioUnit.framework */; };
		00880A6311630D7900F731D1 /* CoreAudio.framework in Frameworks */ = {isa = PBXBuildFile; fileRef = 00880A5711630D7900F731D1 /* CoreAudio.framework */; };
		00880A6411630D7900F731D1 /* ScreenSaver.framework in Frameworks */ = {isa = PBXBuildFile; fileRef = 00880A5811630D7900F731D1 /* ScreenSaver.framework */; };
		00880A6511630D7900F731D1 /* ApplicationServices.framework in Frameworks */ = {isa = PBXBuildFile; fileRef = 00880A5911630D7900F731D1 /* ApplicationServices.framework */; };
		00880A6711630D7900F731D1 /* CoreVideo.framework in Frameworks */ = {isa = PBXBuildFile; fileRef = 00880A5B11630D7900F731D1 /* CoreVideo.framework */; };
		00880A6911630D7900F731D1 /* OpenGL.framework in Frameworks */ = {isa = PBXBuildFile; fileRef = 00880A5D11630D7900F731D1 /* OpenGL.framework */; };
		00C9A19111679DFE0086E7FD /* QTKit.framework in Frameworks */ = {isa = PBXBuildFile; fileRef = 00C9A19011679DFE0086E7FD /* QTKit.framework */; };
		00C9A19F11679F0E0086E7FD /* QuickTime.framework in Frameworks */ = {isa = PBXBuildFile; fileRef = 00C9A19E11679F0E0086E7FD /* QuickTime.framework */; };
		00C9A1DD1167C7B50086E7FD /* AppImplCocoaRendererGl.h in Headers */ = {isa = PBXBuildFile; fileRef = 00C9A1DA1167C7B50086E7FD /* AppImplCocoaRendererGl.h */; };
		00C9A1DF1167C7B50086E7FD /* CinderView.h in Headers */ = {isa = PBXBuildFile; fileRef = 00C9A1DC1167C7B50086E7FD /* CinderView.h */; };
		43E65468136372C3004B998D /* Info-Screensaver.plist in Resources */ = {isa = PBXBuildFile; fileRef = 43E65467136372C3004B998D /* Info-Screensaver.plist */; };
		43E654711363730A004B998D /* schizzo_Prefix.pch in Headers */ = {isa = PBXBuildFile; fileRef = 43E654701363730A004B998D /* schizzo_Prefix.pch */; };
		43E654771363732A004B998D /* cLista.cpp in Sources */ = {isa = PBXBuildFile; fileRef = 43E654751363732A004B998D /* cLista.cpp */; };
		43E654781363732A004B998D /* schizzoApp.cpp in Sources */ = {isa = PBXBuildFile; fileRef = 43E654761363732A004B998D /* schizzoApp.cpp */; };
		43E6547C13637336004B998D /* cLista.h in Headers */ = {isa = PBXBuildFile; fileRef = 43E6547913637336004B998D /* cLista.h */; };
		43E6547D13637336004B998D /* DrawingInstruction.h in Headers */ = {isa = PBXBuildFile; fileRef = 43E6547A13637336004B998D /* DrawingInstruction.h */; };
		43E6547E13637336004B998D /* Resources.h in Headers */ = {isa = PBXBuildFile; fileRef = 43E6547B13637336004B998D /* Resources.h */; };
		8D255ACA0486D3F9007BF209 /* InfoPlist.strings in Resources */ = {isa = PBXBuildFile; fileRef = 089C167DFE841241C02AAC07 /* InfoPlist.strings */; };
		8D255ACE0486D3F9007BF209 /* Cocoa.framework in Frameworks */ = {isa = PBXBuildFile; fileRef = 1058C7ADFEA557BF11CA2CBB /* Cocoa.framework */; };
		8D255ACF0486D3F9007BF209 /* ScreenSaver.framework in Frameworks */ = {isa = PBXBuildFile; fileRef = 06F27B2DFFEEEFEF11CA0E56 /* ScreenSaver.framework */; };
/* End PBXBuildFile section */

/* Begin PBXFileReference section */
		00880A3F11630CB400F731D1 /* AppScreenSaver.h */ = {isa = PBXFileReference; fileEncoding = 4; lastKnownFileType = sourcecode.c.h; name = AppScreenSaver.h; path = ../../../cinder_0.8.2_mac/include/cinder/app/AppScreenSaver.h; sourceTree = SOURCE_ROOT; };
		00880A4011630CB400F731D1 /* AppImplCocoaScreenSaver.h */ = {isa = PBXFileReference; fileEncoding = 4; lastKnownFileType = sourcecode.c.h; name = AppImplCocoaScreenSaver.h; path = ../../../cinder_0.8.2_mac/include/cinder/app/AppImplCocoaScreenSaver.h; sourceTree = SOURCE_ROOT; };
		00880A4611630CDA00F731D1 /* AppImplCocoaScreenSaver.mm */ = {isa = PBXFileReference; fileEncoding = 4; lastKnownFileType = sourcecode.cpp.objcpp; name = AppImplCocoaScreenSaver.mm; path = ../../../cinder_0.8.2_mac/src/cinder/app/AppImplCocoaScreenSaver.mm; sourceTree = SOURCE_ROOT; };
		00880A4711630CDA00F731D1 /* AppScreenSaver.cpp */ = {isa = PBXFileReference; explicitFileType = sourcecode.cpp.objcpp; fileEncoding = 4; name = AppScreenSaver.cpp; path = ../../../cinder_0.8.2_mac/src/cinder/app/AppScreenSaver.cpp; sourceTree = SOURCE_ROOT; };
		00880A5411630D7900F731D1 /* Accelerate.framework */ = {isa = PBXFileReference; lastKnownFileType = wrapper.framework; name = Accelerate.framework; path = System/Library/Frameworks/Accelerate.framework; sourceTree = SDKROOT; };
		00880A5511630D7900F731D1 /* AudioToolbox.framework */ = {isa = PBXFileReference; lastKnownFileType = wrapper.framework; name = AudioToolbox.framework; path = System/Library/Frameworks/AudioToolbox.framework; sourceTree = SDKROOT; };
		00880A5611630D7900F731D1 /* AudioUnit.framework */ = {isa = PBXFileReference; lastKnownFileType = wrapper.framework; name = AudioUnit.framework; path = System/Library/Frameworks/AudioUnit.framework; sourceTree = SDKROOT; };
		00880A5711630D7900F731D1 /* CoreAudio.framework */ = {isa = PBXFileReference; lastKnownFileType = wrapper.framework; name = CoreAudio.framework; path = System/Library/Frameworks/CoreAudio.framework; sourceTree = SDKROOT; };
		00880A5811630D7900F731D1 /* ScreenSaver.framework */ = {isa = PBXFileReference; lastKnownFileType = wrapper.framework; name = ScreenSaver.framework; path = /System/Library/Frameworks/ScreenSaver.framework; sourceTree = "<absolute>"; };
		00880A5911630D7900F731D1 /* ApplicationServices.framework */ = {isa = PBXFileReference; lastKnownFileType = wrapper.framework; name = ApplicationServices.framework; path = System/Library/Frameworks/ApplicationServices.framework; sourceTree = SDKROOT; };
		00880A5B11630D7900F731D1 /* CoreVideo.framework */ = {isa = PBXFileReference; lastKnownFileType = wrapper.framework; name = CoreVideo.framework; path = System/Library/Frameworks/CoreVideo.framework; sourceTree = SDKROOT; };
		00880A5D11630D7900F731D1 /* OpenGL.framework */ = {isa = PBXFileReference; lastKnownFileType = wrapper.framework; name = OpenGL.framework; path = /System/Library/Frameworks/OpenGL.framework; sourceTree = "<absolute>"; };
		00C9A19011679DFE0086E7FD /* QTKit.framework */ = {isa = PBXFileReference; lastKnownFileType = wrapper.framework; name = QTKit.framework; path = System/Library/Frameworks/QTKit.framework; sourceTree = SDKROOT; };
		00C9A19E11679F0E0086E7FD /* QuickTime.framework */ = {isa = PBXFileReference; lastKnownFileType = wrapper.framework; name = QuickTime.framework; path = System/Library/Frameworks/QuickTime.framework; sourceTree = SDKROOT; };
		00C9A1DA1167C7B50086E7FD /* AppImplCocoaRendererGl.h */ = {isa = PBXFileReference; fileEncoding = 4; lastKnownFileType = sourcecode.c.h; name = AppImplCocoaRendererGl.h; path = ../../../cinder_0.8.2_mac/include/cinder/app/AppImplCocoaRendererGl.h; sourceTree = SOURCE_ROOT; };
		00C9A1DC1167C7B50086E7FD /* CinderView.h */ = {isa = PBXFileReference; fileEncoding = 4; lastKnownFileType = sourcecode.c.h; name = CinderView.h; path = ../../../cinder_0.8.2_mac/include/cinder/app/CinderView.h; sourceTree = SOURCE_ROOT; };
		06F27B2DFFEEEFEF11CA0E56 /* ScreenSaver.framework */ = {isa = PBXFileReference; lastKnownFileType = wrapper.framework; name = ScreenSaver.framework; path = /System/Library/Frameworks/ScreenSaver.framework; sourceTree = "<absolute>"; };
		089C1672FE841209C02AAC07 /* Foundation.framework */ = {isa = PBXFileReference; lastKnownFileType = wrapper.framework; name = Foundation.framework; path = /System/Library/Frameworks/Foundation.framework; sourceTree = "<absolute>"; };
		089C167EFE841241C02AAC07 /* English */ = {isa = PBXFileReference; fileEncoding = 10; lastKnownFileType = text.plist.strings; name = English; path = English.lproj/InfoPlist.strings; sourceTree = "<group>"; };
		089C167FFE841241C02AAC07 /* AppKit.framework */ = {isa = PBXFileReference; lastKnownFileType = wrapper.framework; name = AppKit.framework; path = /System/Library/Frameworks/AppKit.framework; sourceTree = "<absolute>"; };
		1058C7ADFEA557BF11CA2CBB /* Cocoa.framework */ = {isa = PBXFileReference; lastKnownFileType = wrapper.framework; name = Cocoa.framework; path = /System/Library/Frameworks/Cocoa.framework; sourceTree = "<absolute>"; };
		43E65467136372C3004B998D /* Info-Screensaver.plist */ = {isa = PBXFileReference; fileEncoding = 4; lastKnownFileType = text.plist.xml; path = "Info-Screensaver.plist"; sourceTree = "<group>"; };
		43E654701363730A004B998D /* schizzo_Prefix.pch */ = {isa = PBXFileReference; fileEncoding = 4; lastKnownFileType = sourcecode.c.h; path = schizzo_Prefix.pch; sourceTree = "<group>"; };
		43E654751363732A004B998D /* cLista.cpp */ = {isa = PBXFileReference; fileEncoding = 4; lastKnownFileType = sourcecode.cpp.cpp; name = cLista.cpp; path = ../src/cLista.cpp; sourceTree = SOURCE_ROOT; };
		43E654761363732A004B998D /* schizzoApp.cpp */ = {isa = PBXFileReference; fileEncoding = 4; lastKnownFileType = sourcecode.cpp.cpp; name = schizzoApp.cpp; path = ../src/schizzoApp.cpp; sourceTree = SOURCE_ROOT; };
		43E6547913637336004B998D /* cLista.h */ = {isa = PBXFileReference; fileEncoding = 4; lastKnownFileType = sourcecode.c.h; name = cLista.h; path = ../include/cLista.h; sourceTree = SOURCE_ROOT; };
		43E6547A13637336004B998D /* DrawingInstruction.h */ = {isa = PBXFileReference; fileEncoding = 4; lastKnownFileType = sourcecode.c.h; name = DrawingInstruction.h; path = ../include/DrawingInstruction.h; sourceTree = SOURCE_ROOT; };
		43E6547B13637336004B998D /* Resources.h */ = {isa = PBXFileReference; fileEncoding = 4; lastKnownFileType = sourcecode.c.h; name = Resources.h; path = ../include/Resources.h; sourceTree = SOURCE_ROOT; };
		8D255AD30486D3F9007BF209 /* schizzoScreenSaver.saver */ = {isa = PBXFileReference; explicitFileType = wrapper.cfbundle; includeInIndex = 0; path = schizzoScreenSaver.saver; sourceTree = BUILT_PRODUCTS_DIR; };
/* End PBXFileReference section */

/* Begin PBXFrameworksBuildPhase section */
		8D255ACD0486D3F9007BF209 /* Frameworks */ = {
			isa = PBXFrameworksBuildPhase;
			buildActionMask = 2147483647;
			files = (
				8D255ACE0486D3F9007BF209 /* Cocoa.framework in Frameworks */,
				8D255ACF0486D3F9007BF209 /* ScreenSaver.framework in Frameworks */,
				00880A6011630D7900F731D1 /* Accelerate.framework in Frameworks */,
				00880A6111630D7900F731D1 /* AudioToolbox.framework in Frameworks */,
				00880A6211630D7900F731D1 /* AudioUnit.framework in Frameworks */,
				00880A6311630D7900F731D1 /* CoreAudio.framework in Frameworks */,
				00880A6411630D7900F731D1 /* ScreenSaver.framework in Frameworks */,
				00880A6511630D7900F731D1 /* ApplicationServices.framework in Frameworks */,
				00880A6711630D7900F731D1 /* CoreVideo.framework in Frameworks */,
				00880A6911630D7900F731D1 /* OpenGL.framework in Frameworks */,
				00C9A19111679DFE0086E7FD /* QTKit.framework in Frameworks */,
				00C9A19F11679F0E0086E7FD /* QuickTime.framework in Frameworks */,
			);
			runOnlyForDeploymentPostprocessing = 0;
		};
/* End PBXFrameworksBuildPhase section */

/* Begin PBXGroup section */
		00880A3C11630CA300F731D1 /* Headers */ = {
			isa = PBXGroup;
			children = (
				43E6547913637336004B998D /* cLista.h */,
				43E6547A13637336004B998D /* DrawingInstruction.h */,
				43E6547B13637336004B998D /* Resources.h */,
				00880A3D11630CB400F731D1 /* cinder */,
			);
			name = Headers;
			sourceTree = "<group>";
		};
		00880A3D11630CB400F731D1 /* cinder */ = {
			isa = PBXGroup;
			children = (
				00880A3E11630CB400F731D1 /* app */,
			);
			name = cinder;
			sourceTree = SOURCE_ROOT;
		};
		00880A3E11630CB400F731D1 /* app */ = {
			isa = PBXGroup;
			children = (
				00C9A1DA1167C7B50086E7FD /* AppImplCocoaRendererGl.h */,
				00C9A1DC1167C7B50086E7FD /* CinderView.h */,
				00880A3F11630CB400F731D1 /* AppScreenSaver.h */,
				00880A4011630CB400F731D1 /* AppImplCocoaScreenSaver.h */,
			);
			name = app;
			sourceTree = SOURCE_ROOT;
		};
		00880A4411630CDA00F731D1 /* cinder */ = {
			isa = PBXGroup;
			children = (
				00880A4511630CDA00F731D1 /* app */,
			);
			name = cinder;
			sourceTree = SOURCE_ROOT;
		};
		00880A4511630CDA00F731D1 /* app */ = {
			isa = PBXGroup;
			children = (
				00880A4611630CDA00F731D1 /* AppImplCocoaScreenSaver.mm */,
				00880A4711630CDA00F731D1 /* AppScreenSaver.cpp */,
			);
			name = app;
			sourceTree = SOURCE_ROOT;
		};
		089C166AFE841209C02AAC07 /* schizzoScreenSaver */ = {
			isa = PBXGroup;
			children = (
				00880A3C11630CA300F731D1 /* Headers */,
				08FB77AFFE84173DC02AAC07 /* Source */,
				32DBCFA70370C4F300C91783 /* Other Sources */,
				089C167CFE841241C02AAC07 /* Resources */,
				089C1671FE841209C02AAC07 /* Frameworks and Libraries */,
				19C28FB8FE9D52D311CA2CBB /* Products */,
			);
			name = schizzoScreenSaver;
			sourceTree = "<group>";
		};
		089C1671FE841209C02AAC07 /* Frameworks and Libraries */ = {
			isa = PBXGroup;
			children = (
				1058C7ACFEA557BF11CA2CBB /* Linked Frameworks */,
				1058C7AEFEA557BF11CA2CBB /* Other Frameworks */,
			);
			name = "Frameworks and Libraries";
			sourceTree = "<group>";
		};
		089C167CFE841241C02AAC07 /* Resources */ = {
			isa = PBXGroup;
			children = (
				43E65467136372C3004B998D /* Info-Screensaver.plist */,
				089C167DFE841241C02AAC07 /* InfoPlist.strings */,
			);
			name = Resources;
			sourceTree = "<group>";
		};
		08FB77AFFE84173DC02AAC07 /* Source */ = {
			isa = PBXGroup;
			children = (
				43E654751363732A004B998D /* cLista.cpp */,
				43E654761363732A004B998D /* schizzoApp.cpp */,
			);
			name = Source;
			sourceTree = "<group>";
		};
		1058C7ACFEA557BF11CA2CBB /* Linked Frameworks */ = {
			isa = PBXGroup;
			children = (
				00880A5411630D7900F731D1 /* Accelerate.framework */,
				00880A5511630D7900F731D1 /* AudioToolbox.framework */,
				00880A5611630D7900F731D1 /* AudioUnit.framework */,
				00880A5711630D7900F731D1 /* CoreAudio.framework */,
				00880A5811630D7900F731D1 /* ScreenSaver.framework */,
				00880A5911630D7900F731D1 /* ApplicationServices.framework */,
				00880A5B11630D7900F731D1 /* CoreVideo.framework */,
				00880A5D11630D7900F731D1 /* OpenGL.framework */,
				1058C7ADFEA557BF11CA2CBB /* Cocoa.framework */,
				06F27B2DFFEEEFEF11CA0E56 /* ScreenSaver.framework */,
				00C9A19011679DFE0086E7FD /* QTKit.framework */,
				00C9A19E11679F0E0086E7FD /* QuickTime.framework */,
			);
			name = "Linked Frameworks";
			sourceTree = "<group>";
		};
		1058C7AEFEA557BF11CA2CBB /* Other Frameworks */ = {
			isa = PBXGroup;
			children = (
				089C1672FE841209C02AAC07 /* Foundation.framework */,
				089C167FFE841241C02AAC07 /* AppKit.framework */,
			);
			name = "Other Frameworks";
			sourceTree = "<group>";
		};
		19C28FB8FE9D52D311CA2CBB /* Products */ = {
			isa = PBXGroup;
			children = (
				8D255AD30486D3F9007BF209 /* schizzoScreenSaver.saver */,
			);
			name = Products;
			sourceTree = "<group>";
		};
		32DBCFA70370C4F300C91783 /* Other Sources */ = {
			isa = PBXGroup;
			children = (
				00880A4411630CDA00F731D1 /* cinder */,
				43E654701363730A004B998D /* schizzo_Prefix.pch */,
			);
			name = "Other Sources";
			sourceTree = "<group>";
		};
/* End PBXGroup section */

/* Begin PBXHeadersBuildPhase section */
		8D255AC60486D3F9007BF209 /* Headers */ = {
			isa = PBXHeadersBuildPhase;
			buildActionMask = 2147483647;
			files = (
				00880A4111630CB400F731D1 /* AppScreenSaver.h in Headers */,
				00880A4211630CB400F731D1 /* AppImplCocoaScreenSaver.h in Headers */,
				00C9A1DD1167C7B50086E7FD /* AppImplCocoaRendererGl.h in Headers */,
				00C9A1DF1167C7B50086E7FD /* CinderView.h in Headers */,
				43E654711363730A004B998D /* schizzo_Prefix.pch in Headers */,
				43E6547C13637336004B998D /* cLista.h in Headers */,
				43E6547D13637336004B998D /* DrawingInstruction.h in Headers */,
				43E6547E13637336004B998D /* Resources.h in Headers */,
			);
			runOnlyForDeploymentPostprocessing = 0;
		};
/* End PBXHeadersBuildPhase section */

/* Begin PBXNativeTarget section */
		8D255AC50486D3F9007BF209 /* schizzoScreenSaver */ = {
			isa = PBXNativeTarget;
			buildConfigurationList = EF7AD72D08BB986600CE4634 /* Build configuration list for PBXNativeTarget "schizzoScreenSaver" */;
			buildPhases = (
				8D255AC60486D3F9007BF209 /* Headers */,
				8D255AC90486D3F9007BF209 /* Resources */,
				8D255ACB0486D3F9007BF209 /* Sources */,
				8D255ACD0486D3F9007BF209 /* Frameworks */,
				8D255AD00486D3F9007BF209 /* Rez */,
			);
			buildRules = (
			);
			dependencies = (
			);
			name = schizzoScreenSaver;
			productInstallPath = "$(HOME)/Library/Screen Savers";
			productName = schizzoScreenSaver;
			productReference = 8D255AD30486D3F9007BF209 /* schizzoScreenSaver.saver */;
			productType = "com.apple.product-type.bundle";
		};
/* End PBXNativeTarget section */

/* Begin PBXProject section */
		089C1669FE841209C02AAC07 /* Project object */ = {
			isa = PBXProject;
			buildConfigurationList = EF7AD73108BB986600CE4634 /* Build configuration list for PBXProject "schizzoScreenSaver" */;
			compatibilityVersion = "Xcode 3.1";
			developmentRegion = English;
			hasScannedForEncodings = 1;
			knownRegions = (
				English,
				Japanese,
				French,
				German,
			);
			mainGroup = 089C166AFE841209C02AAC07 /* schizzoScreenSaver */;
			projectDirPath = "";
			projectRoot = "";
			targets = (
				8D255AC50486D3F9007BF209 /* schizzoScreenSaver */,
			);
		};
/* End PBXProject section */

/* Begin PBXResourcesBuildPhase section */
		8D255AC90486D3F9007BF209 /* Resources */ = {
			isa = PBXResourcesBuildPhase;
			buildActionMask = 2147483647;
			files = (
				8D255ACA0486D3F9007BF209 /* InfoPlist.strings in Resources */,
				43E65468136372C3004B998D /* Info-Screensaver.plist in Resources */,
			);
			runOnlyForDeploymentPostprocessing = 0;
		};
/* End PBXResourcesBuildPhase section */

/* Begin PBXRezBuildPhase section */
		8D255AD00486D3F9007BF209 /* Rez */ = {
			isa = PBXRezBuildPhase;
			buildActionMask = 2147483647;
			files = (
			);
			runOnlyForDeploymentPostprocessing = 0;
		};
/* End PBXRezBuildPhase section */

/* Begin PBXSourcesBuildPhase section */
		8D255ACB0486D3F9007BF209 /* Sources */ = {
			isa = PBXSourcesBuildPhase;
			buildActionMask = 2147483647;
			files = (
				00880A4811630CDA00F731D1 /* AppImplCocoaScreenSaver.mm in Sources */,
				00880A4911630CDA00F731D1 /* AppScreenSaver.cpp in Sources */,
				43E654771363732A004B998D /* cLista.cpp in Sources */,
				43E654781363732A004B998D /* schizzoApp.cpp in Sources */,
			);
			runOnlyForDeploymentPostprocessing = 0;
		};
/* End PBXSourcesBuildPhase section */

/* Begin PBXVariantGroup section */
		089C167DFE841241C02AAC07 /* InfoPlist.strings */ = {
			isa = PBXVariantGroup;
			children = (
				089C167EFE841241C02AAC07 /* English */,
			);
			name = InfoPlist.strings;
			sourceTree = "<group>";
		};
/* End PBXVariantGroup section */

/* Begin XCBuildConfiguration section */
		EF7AD72E08BB986600CE4634 /* Debug */ = {
			isa = XCBuildConfiguration;
			buildSettings = {
				ARCHS = (
					i386,
					x86_64,
				);
				DEAD_CODE_STRIPPING = YES;
				GCC_DYNAMIC_NO_PIC = NO;
				GCC_ENABLE_FIX_AND_CONTINUE = YES;
				GCC_ENABLE_OBJC_GC = unsupported;
				"GCC_ENABLE_OBJC_GC[arch=x86_64]" = supported;
				GCC_INLINES_ARE_PRIVATE_EXTERN = NO;
				GCC_MODEL_TUNING = G5;
				GCC_OPTIMIZATION_LEVEL = 0;
				GCC_PRECOMPILE_PREFIX_HEADER = YES;
				GCC_PREFIX_HEADER = schizzo_Prefix.pch;
				GCC_PREPROCESSOR_DEFINITIONS = "SCH_IS_SCREENSAVER=1";
				INFOPLIST_FILE = "Info-Screensaver.plist";
				INSTALL_PATH = "$(HOME)/Library/Screen Savers";
				MACOSX_DEPLOYMENT_TARGET = 10.5;
				ONLY_ACTIVE_ARCH = YES;
				OTHER_LDFLAGS = (
					"\"$(CINDER_PATH)/lib/libcinder_d.a\"",
					"-lcurl",
				);
				PRODUCT_NAME = schizzoScreenSaver;
				VALID_ARCHS = "i386 x86_64";
				WRAPPER_EXTENSION = saver;
			};
			name = Debug;
		};
		EF7AD72F08BB986600CE4634 /* Release */ = {
			isa = XCBuildConfiguration;
			buildSettings = {
				ARCHS = (
					i386,
					x86_64,
				);
				DEAD_CODE_STRIPPING = YES;
				DEBUG_INFORMATION_FORMAT = "dwarf-with-dsym";
				GCC_ENABLE_OBJC_GC = unsupported;
				"GCC_ENABLE_OBJC_GC[arch=x86_64]" = supported;
				GCC_INLINES_ARE_PRIVATE_EXTERN = NO;
				GCC_MODEL_TUNING = G5;
				GCC_PRECOMPILE_PREFIX_HEADER = YES;
				GCC_PREFIX_HEADER = schizzoScreenSaver_Prefix.pch;
				INFOPLIST_FILE = Info.plist;
				INSTALL_PATH = "$(HOME)/Library/Screen Savers";
				MACOSX_DEPLOYMENT_TARGET = 10.5;
				ONLY_ACTIVE_ARCH = NO;
				OTHER_LDFLAGS = (
					"\"$(CINDER_PATH)/lib/libcinder.a\"",
					"-lcurl",
				);
				PRODUCT_NAME = schizzoScreenSaver;
				VALID_ARCHS = "i386 x86_64";
				WRAPPER_EXTENSION = saver;
			};
			name = Release;
		};
		EF7AD73208BB986600CE4634 /* Debug */ = {
			isa = XCBuildConfiguration;
			buildSettings = {
				ALWAYS_SEARCH_USER_PATHS = NO;
				ARCHS = "$(ARCHS_STANDARD_32_64_BIT)";
				CINDER_PATH = ../../../cinder_0.8.2_mac;
				GCC_C_LANGUAGE_STANDARD = gnu99;
				GCC_ENABLE_OBJC_GC = supported;
				GCC_WARN_ABOUT_RETURN_TYPE = YES;
				GCC_WARN_UNUSED_VARIABLE = YES;
				HEADER_SEARCH_PATHS = "\"$(CINDER_PATH)/boost\"";
				ONLY_ACTIVE_ARCH = NO;
				PREBINDING = NO;
				SDKROOT = macosx10.6;
				USER_HEADER_SEARCH_PATHS = "\"$(CINDER_PATH)/include\" ../include";
			};
			name = Debug;
		};
		EF7AD73308BB986600CE4634 /* Release */ = {
			isa = XCBuildConfiguration;
			buildSettings = {
				ALWAYS_SEARCH_USER_PATHS = NO;
				ARCHS = "$(ARCHS_STANDARD_32_64_BIT)";
				CINDER_PATH = ../../../cinder_0.8.2_mac;
				GCC_C_LANGUAGE_STANDARD = gnu99;
				GCC_ENABLE_OBJC_GC = supported;
				GCC_WARN_ABOUT_RETURN_TYPE = YES;
				GCC_WARN_UNUSED_VARIABLE = YES;
				HEADER_SEARCH_PATHS = "\"$(CINDER_PATH)/boost\"";
				PREBINDING = NO;
				SDKROOT = macosx10.6;
				USER_HEADER_SEARCH_PATHS = "\"$(CINDER_PATH)/include\" ../include";
			};
			name = Release;
		};
/* End XCBuildConfiguration section */

/* Begin XCConfigurationList section */
		EF7AD72D08BB986600CE4634 /* Build configuration list for PBXNativeTarget "schizzoScreenSaver" */ = {
			isa = XCConfigurationList;
			buildConfigurations = (
				EF7AD72E08BB986600CE4634 /* Debug */,
				EF7AD72F08BB986600CE4634 /* Release */,
			);
			defaultConfigurationIsVisible = 0;
			defaultConfigurationName = Release;
		};
		EF7AD73108BB986600CE4634 /* Build configuration list for PBXProject "schizzoScreenSaver" */ = {
			isa = XCConfigurationList;
			buildConfigurations = (
				EF7AD73208BB986600CE4634 /* Debug */,
				EF7AD73308BB986600CE4634 /* Release */,
			);
			defaultConfigurationIsVisible = 0;
			defaultConfigurationName = Release;
		};
/* End XCConfigurationList section */
	};
	rootObject = 089C1669FE841209C02AAC07 /* Project object */;
}
